<?xml version="1.0" encoding="utf-8"?>
<Project ToolsVersion="4.0" xmlns="http://schemas.microsoft.com/developer/msbuild/2003">
  <ItemGroup>
    <Filter Include="Platform">
      <UniqueIdentifier>{2AC788B4-1694-E3BF-3FAD-D1672BD9184E}</UniqueIdentifier>
    </Filter>
    <Filter Include="Platform\Windows">
      <UniqueIdentifier>{64FBD71A-50F4-F66C-7926-DCF1657ED678}</UniqueIdentifier>
    </Filter>
    <Filter Include="Spot_Brain">
      <UniqueIdentifier>{36C5FFAF-227D-41FD-8B84-1A59775BDCED}</UniqueIdentifier>
    </Filter>
    <Filter Include="Spot_Brain\Events">
      <UniqueIdentifier>{5AB84825-C6CE-46BB-0F46-D2DC7B9B1743}</UniqueIdentifier>
    </Filter>
  </ItemGroup>
  <ItemGroup>
    <ClInclude Include="src\Platform\Windows\WindowsWindow.h">
      <Filter>Platform\Windows</Filter>
    </ClInclude>
    <ClInclude Include="src\Spot_Brain\Application.h">
      <Filter>Spot_Brain</Filter>
    </ClInclude>
    <ClInclude Include="src\Spot_Brain\Core.h">
      <Filter>Spot_Brain</Filter>
    </ClInclude>
    <ClInclude Include="src\Spot_Brain\EntryPoint.h">
      <Filter>Spot_Brain</Filter>
    </ClInclude>
    <ClInclude Include="src\Spot_Brain\Events\ApplicationEvent.h">
      <Filter>Spot_Brain\Events</Filter>
    </ClInclude>
    <ClInclude Include="src\Spot_Brain\Events\Event.h">
      <Filter>Spot_Brain\Events</Filter>
    </ClInclude>
    <ClInclude Include="src\Spot_Brain\Events\KeyEvent.h">
      <Filter>Spot_Brain\Events</Filter>
    </ClInclude>
    <ClInclude Include="src\Spot_Brain\Events\MouseEvent.h">
      <Filter>Spot_Brain\Events</Filter>
    </ClInclude>
    <ClInclude Include="src\Spot_Brain\Layer.h">
      <Filter>Spot_Brain</Filter>
    </ClInclude>
    <ClInclude Include="src\Spot_Brain\LayerStack.h">
      <Filter>Spot_Brain</Filter>
    </ClInclude>
    <ClInclude Include="src\Spot_Brain\Log.h">
      <Filter>Spot_Brain</Filter>
    </ClInclude>
    <ClInclude Include="src\Spot_Brain\Window.h">
      <Filter>Spot_Brain</Filter>
    </ClInclude>
    <ClInclude Include="src\Spotbrain.h" />
    <ClInclude Include="src\sbpch.h" />
    <ClInclude Include="src\Spot_Brain\imgui\ImGuiLayer.h" />
    <ClInclude Include="src\Platform\OpenGL\ImGuiOpenGLRenderer.h" />
  </ItemGroup>
  <ItemGroup>
    <ClCompile Include="src\Platform\Windows\WindowsWindow.cpp">
      <Filter>Platform\Windows</Filter>
    </ClCompile>
    <ClCompile Include="src\Spot_Brain\Application.cpp">
      <Filter>Spot_Brain</Filter>
    </ClCompile>
    <ClCompile Include="src\Spot_Brain\Layer.cpp">
      <Filter>Spot_Brain</Filter>
    </ClCompile>
    <ClCompile Include="src\Spot_Brain\LayerStack.cpp">
      <Filter>Spot_Brain</Filter>
    </ClCompile>
    <ClCompile Include="src\Spot_Brain\Log.cpp">
      <Filter>Spot_Brain</Filter>
    </ClCompile>
    <ClCompile Include="src\sbpch.cpp" />
    <ClCompile Include="src\Spot_Brain\imgui\ImGuiLayer.cpp" />
    <ClCompile Include="src\Platform\OpenGL\ImGuiOpenGLRenderer.cpp" />
  </ItemGroup>
</Project>